
Microsoft Visual Studio Solution File, Format Version 12.00
# Visual Studio Version 16
VisualStudioVersion = 16.0.32901.82
MinimumVisualStudioVersion = 10.0.40219.1
Project("{FAE04EC0-301F-11D3-BF4B-00C04F79EFBC}") = "ChildDevelopmentLibrary", "ChildDevelopmentLibrary\ChildDevelopmentLibrary.csproj", "{AE740767-06C3-4B14-8D13-D209A7BE72BB}"
EndProject
Project("{FAE04EC0-301F-11D3-BF4B-00C04F79EFBC}") = "ChildDevelopmentLibraryTest", "ChildDevelopmentLibraryTest\ChildDevelopmentLibraryTest.csproj", "{AFB29B94-2688-41B4-A0A1-0627555CB9B3}"
EndProject
Global
	GlobalSection(SolutionConfigurationPlatforms) = preSolution
		Debug|Any CPU = Debug|Any CPU
		Release|Any CPU = Release|Any CPU
	EndGlobalSection
	GlobalSection(ProjectConfigurationPlatforms) = postSolution
		{AE740767-06C3-4B14-8D13-D209A7BE72BB}.Debug|Any CPU.ActiveCfg = Debug|Any CPU
		{AE740767-06C3-4B14-8D13-D209A7BE72BB}.Debug|Any CPU.Build.0 = Debug|Any CPU
		{AE740767-06C3-4B14-8D13-D209A7BE72BB}.Release|Any CPU.ActiveCfg = Release|Any CPU
		{AE740767-06C3-4B14-8D13-D209A7BE72BB}.Release|Any CPU.Build.0 = Release|Any CPU
		{AFB29B94-2688-41B4-A0A1-0627555CB9B3}.Debug|Any CPU.ActiveCfg = Debug|Any CPU
		{AFB29B94-2688-41B4-A0A1-0627555CB9B3}.Debug|Any CPU.Build.0 = Debug|Any CPU
		{AFB29B94-2688-41B4-A0A1-0627555CB9B3}.Release|Any CPU.ActiveCfg = Release|Any CPU
		{AFB29B94-2688-41B4-A0A1-0627555CB9B3}.Release|Any CPU.Build.0 = Release|Any CPU
	EndGlobalSection
	GlobalSection(SolutionProperties) = preSolution
		HideSolutionNode = FALSE
	EndGlobalSection
	GlobalSection(ExtensibilityGlobals) = postSolution
		SolutionGuid = {CFD43A37-8C12-472E-971B-21B11533C8D7}
	EndGlobalSection
EndGlobal
